
Microsoft Visual Studio Solution File, Format Version 12.00
# Visual Studio Version 17
VisualStudioVersion = 17.6.33801.468
MinimumVisualStudioVersion = 10.0.40219.1
Project("{FAE04EC0-301F-11D3-BF4B-00C04F79EFBC}") = "Advent", "Advent.csproj", "{77813B7A-AB77-488A-99A3-3DDF8B8461A3}"
EndProject
Global
	GlobalSection(SolutionConfigurationPlatforms) = preSolution
		Debug|Any CPU = Debug|Any CPU
		Release|Any CPU = Release|Any CPU
	EndGlobalSection
	GlobalSection(ProjectConfigurationPlatforms) = postSolution
		{77813B7A-AB77-488A-99A3-3DDF8B8461A3}.Debug|Any CPU.ActiveCfg = Debug|Any CPU
		{77813B7A-AB77-488A-99A3-3DDF8B8461A3}.Debug|Any CPU.Build.0 = Debug|Any CPU
		{77813B7A-AB77-488A-99A3-3DDF8B8461A3}.Release|Any CPU.ActiveCfg = Release|Any CPU
		{77813B7A-AB77-488A-99A3-3DDF8B8461A3}.Release|Any CPU.Build.0 = Release|Any CPU
	EndGlobalSection
	GlobalSection(SolutionProperties) = preSolution
		HideSolutionNode = FALSE
	EndGlobalSection
	GlobalSection(ExtensibilityGlobals) = postSolution
		SolutionGuid = {6155C193-8F17-442C-B371-8C2C1CBDE654}
	EndGlobalSection
EndGlobal
